
Microsoft Visual Studio Solution File, Format Version 12.00
Project("{FAE04EC0-301F-11D3-BF4B-00C04F79EFBC}") = "XRMiniLink", "XRMiniLink\XRMiniLink.csproj", "{ECB91C25-B497-4806-98A9-F42E7887A38D}"
EndProject
Project("{FAE04EC0-301F-11D3-BF4B-00C04F79EFBC}") = "LinkTest", "LinkTest\LinkTest.csproj", "{6DBED981-CD69-4465-BF6B-7F996ABA9F3C}"
EndProject
Project("{FAE04EC0-301F-11D3-BF4B-00C04F79EFBC}") = "LinkLayerEditor", "LinkLayerEditor\LinkLayerEditor.csproj", "{3F9D235B-5474-4C3A-AFDF-EE3144F660D1}"
EndProject
Global
	GlobalSection(SolutionConfigurationPlatforms) = preSolution
		Debug|Any CPU = Debug|Any CPU
		Release|Any CPU = Release|Any CPU
	EndGlobalSection
	GlobalSection(ProjectConfigurationPlatforms) = postSolution
		{ECB91C25-B497-4806-98A9-F42E7887A38D}.Debug|Any CPU.ActiveCfg = Debug|Any CPU
		{ECB91C25-B497-4806-98A9-F42E7887A38D}.Debug|Any CPU.Build.0 = Debug|Any CPU
		{ECB91C25-B497-4806-98A9-F42E7887A38D}.Release|Any CPU.ActiveCfg = Release|Any CPU
		{ECB91C25-B497-4806-98A9-F42E7887A38D}.Release|Any CPU.Build.0 = Release|Any CPU
		{6DBED981-CD69-4465-BF6B-7F996ABA9F3C}.Debug|Any CPU.ActiveCfg = Debug|Any CPU
		{6DBED981-CD69-4465-BF6B-7F996ABA9F3C}.Debug|Any CPU.Build.0 = Debug|Any CPU
		{6DBED981-CD69-4465-BF6B-7F996ABA9F3C}.Release|Any CPU.ActiveCfg = Release|Any CPU
		{6DBED981-CD69-4465-BF6B-7F996ABA9F3C}.Release|Any CPU.Build.0 = Release|Any CPU
		{3F9D235B-5474-4C3A-AFDF-EE3144F660D1}.Debug|Any CPU.ActiveCfg = Debug|Any CPU
		{3F9D235B-5474-4C3A-AFDF-EE3144F660D1}.Debug|Any CPU.Build.0 = Debug|Any CPU
		{3F9D235B-5474-4C3A-AFDF-EE3144F660D1}.Release|Any CPU.ActiveCfg = Release|Any CPU
		{3F9D235B-5474-4C3A-AFDF-EE3144F660D1}.Release|Any CPU.Build.0 = Release|Any CPU
	EndGlobalSection
EndGlobal
